
Microsoft Visual Studio Solution File, Format Version 12.00
# Visual Studio 15
VisualStudioVersion = 15.0.28307.1169
MinimumVisualStudioVersion = 10.0.40219.1
Project("{FAE04EC0-301F-11D3-BF4B-00C04F79EFBC}") = "Kanale_Alt_Asmx_Project", "Kanale_Alt_Asmx_Project\Kanale_Alt_Asmx_Project.csproj", "{E43A36D5-D7ED-4566-82F3-888E63007F64}"
EndProject
Global
	GlobalSection(SolutionConfigurationPlatforms) = preSolution
		Debug|Any CPU = Debug|Any CPU
		Release|Any CPU = Release|Any CPU
	EndGlobalSection
	GlobalSection(ProjectConfigurationPlatforms) = postSolution
		{E43A36D5-D7ED-4566-82F3-888E63007F64}.Debug|Any CPU.ActiveCfg = Debug|Any CPU
		{E43A36D5-D7ED-4566-82F3-888E63007F64}.Debug|Any CPU.Build.0 = Debug|Any CPU
		{E43A36D5-D7ED-4566-82F3-888E63007F64}.Release|Any CPU.ActiveCfg = Release|Any CPU
		{E43A36D5-D7ED-4566-82F3-888E63007F64}.Release|Any CPU.Build.0 = Release|Any CPU
	EndGlobalSection
	GlobalSection(SolutionProperties) = preSolution
		HideSolutionNode = FALSE
	EndGlobalSection
	GlobalSection(ExtensibilityGlobals) = postSolution
		SolutionGuid = {D73E7228-4BB1-4C6F-B8A4-EA4DCB337438}
	EndGlobalSection
EndGlobal
